
Microsoft Visual Studio Solution File, Format Version 12.00
# Visual Studio Version 17
VisualStudioVersion = 17.11.35303.130
MinimumVisualStudioVersion = 10.0.40219.1
Project("{FAE04EC0-301F-11D3-BF4B-00C04F79EFBC}") = "DangKi_DangNhap", "DangKi_DangNhap\DangKi_DangNhap.csproj", "{66110505-A4EE-4D40-B3B2-C9F1CCEB6497}"
EndProject
Global
	GlobalSection(SolutionConfigurationPlatforms) = preSolution
		Debug|Any CPU = Debug|Any CPU
		Release|Any CPU = Release|Any CPU
	EndGlobalSection
	GlobalSection(ProjectConfigurationPlatforms) = postSolution
		{66110505-A4EE-4D40-B3B2-C9F1CCEB6497}.Debug|Any CPU.ActiveCfg = Debug|Any CPU
		{66110505-A4EE-4D40-B3B2-C9F1CCEB6497}.Debug|Any CPU.Build.0 = Debug|Any CPU
		{66110505-A4EE-4D40-B3B2-C9F1CCEB6497}.Release|Any CPU.ActiveCfg = Release|Any CPU
		{66110505-A4EE-4D40-B3B2-C9F1CCEB6497}.Release|Any CPU.Build.0 = Release|Any CPU
	EndGlobalSection
	GlobalSection(SolutionProperties) = preSolution
		HideSolutionNode = FALSE
	EndGlobalSection
	GlobalSection(ExtensibilityGlobals) = postSolution
		SolutionGuid = {173546D7-4446-4715-85DA-3C15B484C665}
	EndGlobalSection
EndGlobal
